
Microsoft Visual Studio Solution File, Format Version 12.00
# Visual Studio Version 16
VisualStudioVersion = 16.0.28922.388
MinimumVisualStudioVersion = 10.0.40219.1
Project("{FAE04EC0-301F-11D3-BF4B-00C04F79EFBC}") = "FileExplorer", "FileExplorer.csproj", "{6B7E537E-5C61-4376-907F-AB72CD05437D}"
EndProject
Global
	GlobalSection(SolutionConfigurationPlatforms) = preSolution
		Debug|Any CPU = Debug|Any CPU
		Release|Any CPU = Release|Any CPU
	EndGlobalSection
	GlobalSection(ProjectConfigurationPlatforms) = postSolution
		{6B7E537E-5C61-4376-907F-AB72CD05437D}.Debug|Any CPU.ActiveCfg = Debug|Any CPU
		{6B7E537E-5C61-4376-907F-AB72CD05437D}.Debug|Any CPU.Build.0 = Debug|Any CPU
		{6B7E537E-5C61-4376-907F-AB72CD05437D}.Release|Any CPU.ActiveCfg = Release|Any CPU
		{6B7E537E-5C61-4376-907F-AB72CD05437D}.Release|Any CPU.Build.0 = Release|Any CPU
	EndGlobalSection
	GlobalSection(SolutionProperties) = preSolution
		HideSolutionNode = FALSE
	EndGlobalSection
	GlobalSection(ExtensibilityGlobals) = postSolution
		SolutionGuid = {7BB9A777-6499-4E72-AEE3-CFAC154DCE33}
	EndGlobalSection
EndGlobal
